
Microsoft Visual Studio Solution File, Format Version 12.00
# Visual Studio 14
VisualStudioVersion = 14.0.25420.1
MinimumVisualStudioVersion = 10.0.40219.1
Project("{8BC9CEB8-8B4A-11D0-8D11-00A0C91BC942}") = "HelloGitHub", "HelloGitHub\HelloGitHub.vcxproj", "{5D00410E-A1B0-4E2C-BAC3-EA854A395B80}"
EndProject
Project("{8BC9CEB8-8B4A-11D0-8D11-00A0C91BC942}") = "RandomEnemyGenerator", "RandomEnemyGenerator\RandomEnemyGenerator.vcxproj", "{62724BA7-21E7-466E-91FF-96DC1EE2C536}"
EndProject
Project("{8BC9CEB8-8B4A-11D0-8D11-00A0C91BC942}") = "TheWalkingDead", "TheWalkingDead\TheWalkingDead.vcxproj", "{615D60E5-A9F0-4F21-8279-3CD33D654962}"
EndProject
Project("{8BC9CEB8-8B4A-11D0-8D11-00A0C91BC942}") = "DynArray", "DynArray\DynArray.vcxproj", "{D8F6D1CE-EB1D-4200-AA57-069CA55CDF81}"
EndProject
Project("{8BC9CEB8-8B4A-11D0-8D11-00A0C91BC942}") = "TestingExercieClass", "TestingExercieClass\TestingExercieClass.vcxproj", "{C079C1CE-DC88-473A-A294-CD2CDF00E638}"
EndProject
Project("{8BC9CEB8-8B4A-11D0-8D11-00A0C91BC942}") = "Vectors", "Vectors\Vectors.vcxproj", "{7A7B4D5E-8CF5-456B-8394-0591059E16A0}"
EndProject
Project("{8BC9CEB8-8B4A-11D0-8D11-00A0C91BC942}") = "PlayerRanking", "PlayerRanking\PlayerRanking.vcxproj", "{04D11182-4FEE-4DC4-A148-B15C573ECB5E}"
EndProject
Global
	GlobalSection(SolutionConfigurationPlatforms) = preSolution
		Debug|x64 = Debug|x64
		Debug|x86 = Debug|x86
		Release|x64 = Release|x64
		Release|x86 = Release|x86
	EndGlobalSection
	GlobalSection(ProjectConfigurationPlatforms) = postSolution
		{5D00410E-A1B0-4E2C-BAC3-EA854A395B80}.Debug|x64.ActiveCfg = Debug|x64
		{5D00410E-A1B0-4E2C-BAC3-EA854A395B80}.Debug|x64.Build.0 = Debug|x64
		{5D00410E-A1B0-4E2C-BAC3-EA854A395B80}.Debug|x86.ActiveCfg = Debug|Win32
		{5D00410E-A1B0-4E2C-BAC3-EA854A395B80}.Debug|x86.Build.0 = Debug|Win32
		{5D00410E-A1B0-4E2C-BAC3-EA854A395B80}.Release|x64.ActiveCfg = Release|x64
		{5D00410E-A1B0-4E2C-BAC3-EA854A395B80}.Release|x64.Build.0 = Release|x64
		{5D00410E-A1B0-4E2C-BAC3-EA854A395B80}.Release|x86.ActiveCfg = Release|Win32
		{5D00410E-A1B0-4E2C-BAC3-EA854A395B80}.Release|x86.Build.0 = Release|Win32
		{62724BA7-21E7-466E-91FF-96DC1EE2C536}.Debug|x64.ActiveCfg = Debug|x64
		{62724BA7-21E7-466E-91FF-96DC1EE2C536}.Debug|x64.Build.0 = Debug|x64
		{62724BA7-21E7-466E-91FF-96DC1EE2C536}.Debug|x86.ActiveCfg = Debug|Win32
		{62724BA7-21E7-466E-91FF-96DC1EE2C536}.Debug|x86.Build.0 = Debug|Win32
		{62724BA7-21E7-466E-91FF-96DC1EE2C536}.Release|x64.ActiveCfg = Release|x64
		{62724BA7-21E7-466E-91FF-96DC1EE2C536}.Release|x64.Build.0 = Release|x64
		{62724BA7-21E7-466E-91FF-96DC1EE2C536}.Release|x86.ActiveCfg = Release|Win32
		{62724BA7-21E7-466E-91FF-96DC1EE2C536}.Release|x86.Build.0 = Release|Win32
		{615D60E5-A9F0-4F21-8279-3CD33D654962}.Debug|x64.ActiveCfg = Debug|x64
		{615D60E5-A9F0-4F21-8279-3CD33D654962}.Debug|x64.Build.0 = Debug|x64
		{615D60E5-A9F0-4F21-8279-3CD33D654962}.Debug|x86.ActiveCfg = Debug|Win32
		{615D60E5-A9F0-4F21-8279-3CD33D654962}.Debug|x86.Build.0 = Debug|Win32
		{615D60E5-A9F0-4F21-8279-3CD33D654962}.Release|x64.ActiveCfg = Release|x64
		{615D60E5-A9F0-4F21-8279-3CD33D654962}.Release|x64.Build.0 = Release|x64
		{615D60E5-A9F0-4F21-8279-3CD33D654962}.Release|x86.ActiveCfg = Release|Win32
		{615D60E5-A9F0-4F21-8279-3CD33D654962}.Release|x86.Build.0 = Release|Win32
		{D8F6D1CE-EB1D-4200-AA57-069CA55CDF81}.Debug|x64.ActiveCfg = Debug|x64
		{D8F6D1CE-EB1D-4200-AA57-069CA55CDF81}.Debug|x64.Build.0 = Debug|x64
		{D8F6D1CE-EB1D-4200-AA57-069CA55CDF81}.Debug|x86.ActiveCfg = Debug|Win32
		{D8F6D1CE-EB1D-4200-AA57-069CA55CDF81}.Debug|x86.Build.0 = Debug|Win32
		{D8F6D1CE-EB1D-4200-AA57-069CA55CDF81}.Release|x64.ActiveCfg = Release|x64
		{D8F6D1CE-EB1D-4200-AA57-069CA55CDF81}.Release|x64.Build.0 = Release|x64
		{D8F6D1CE-EB1D-4200-AA57-069CA55CDF81}.Release|x86.ActiveCfg = Release|Win32
		{D8F6D1CE-EB1D-4200-AA57-069CA55CDF81}.Release|x86.Build.0 = Release|Win32
		{C079C1CE-DC88-473A-A294-CD2CDF00E638}.Debug|x64.ActiveCfg = Debug|x64
		{C079C1CE-DC88-473A-A294-CD2CDF00E638}.Debug|x64.Build.0 = Debug|x64
		{C079C1CE-DC88-473A-A294-CD2CDF00E638}.Debug|x86.ActiveCfg = Debug|Win32
		{C079C1CE-DC88-473A-A294-CD2CDF00E638}.Debug|x86.Build.0 = Debug|Win32
		{C079C1CE-DC88-473A-A294-CD2CDF00E638}.Release|x64.ActiveCfg = Release|x64
		{C079C1CE-DC88-473A-A294-CD2CDF00E638}.Release|x64.Build.0 = Release|x64
		{C079C1CE-DC88-473A-A294-CD2CDF00E638}.Release|x86.ActiveCfg = Release|Win32
		{C079C1CE-DC88-473A-A294-CD2CDF00E638}.Release|x86.Build.0 = Release|Win32
		{7A7B4D5E-8CF5-456B-8394-0591059E16A0}.Debug|x64.ActiveCfg = Debug|x64
		{7A7B4D5E-8CF5-456B-8394-0591059E16A0}.Debug|x64.Build.0 = Debug|x64
		{7A7B4D5E-8CF5-456B-8394-0591059E16A0}.Debug|x86.ActiveCfg = Debug|Win32
		{7A7B4D5E-8CF5-456B-8394-0591059E16A0}.Debug|x86.Build.0 = Debug|Win32
		{7A7B4D5E-8CF5-456B-8394-0591059E16A0}.Release|x64.ActiveCfg = Release|x64
		{7A7B4D5E-8CF5-456B-8394-0591059E16A0}.Release|x64.Build.0 = Release|x64
		{7A7B4D5E-8CF5-456B-8394-0591059E16A0}.Release|x86.ActiveCfg = Release|Win32
		{7A7B4D5E-8CF5-456B-8394-0591059E16A0}.Release|x86.Build.0 = Release|Win32
		{04D11182-4FEE-4DC4-A148-B15C573ECB5E}.Debug|x64.ActiveCfg = Debug|x64
		{04D11182-4FEE-4DC4-A148-B15C573ECB5E}.Debug|x64.Build.0 = Debug|x64
		{04D11182-4FEE-4DC4-A148-B15C573ECB5E}.Debug|x86.ActiveCfg = Debug|Win32
		{04D11182-4FEE-4DC4-A148-B15C573ECB5E}.Debug|x86.Build.0 = Debug|Win32
		{04D11182-4FEE-4DC4-A148-B15C573ECB5E}.Release|x64.ActiveCfg = Release|x64
		{04D11182-4FEE-4DC4-A148-B15C573ECB5E}.Release|x64.Build.0 = Release|x64
		{04D11182-4FEE-4DC4-A148-B15C573ECB5E}.Release|x86.ActiveCfg = Release|Win32
		{04D11182-4FEE-4DC4-A148-B15C573ECB5E}.Release|x86.Build.0 = Release|Win32
	EndGlobalSection
	GlobalSection(SolutionProperties) = preSolution
		HideSolutionNode = FALSE
	EndGlobalSection
EndGlobal
